# Prisma Migrate lockfile v1

20201120221756-starting-datbase
20201120221845-update-model-crv-name
20201120224546-reload
20201120230144-update
20201120231643-updategrade
20201122215935-corrigindo-o-vehicle
20201122220304-update-doctype-to-status
20201127224152-refazendo-tudo
20201127230230-a
20201127231742-b
20201128010522-d
20201128021047-add-user
20201128021602-fix-users
20201128022114-aa
20201128022842-as
20201128024526-o
20201128025918-b
20201128031213-a
20201130012021-a
20201201001623-b
20201201004346-rebuilding-database
20201201005545-refactory
20201201210251-add-works
20201201210521-fix-receipts
20201201210556-re-receipts-2
20201201210951-receipts-fixed
20201201232220-add-detran-id-in-works
20201207231335-remove-vehicle-from-works
20201210013342-receipts-to-crv
20201210013440-crv-to-crv